// !$*UTF8*$!
{
	archiveVersion = 1;
	classes = {
	};
	objectVersion = 47;
	objects = {

/* Begin PBXBuildFile section */
		BA868DC91AF36CC500728D59 /* CADictionaryRepresentation.h in Headers */ = {isa = PBXBuildFile; fileRef = BA868DC81AF36CC500728D59 /* CADictionaryRepresentation.h */; };
		BA868DCC1AF3729300728D59 /* CADictionaryKeys.h in Headers */ = {isa = PBXBuildFile; fileRef = BA868DCA1AF3729300728D59 /* CADictionaryKeys.h */; };
		BA868DCD1AF3729300728D59 /* CADictionaryKeys.m in Sources */ = {isa = PBXBuildFile; fileRef = BA868DCB1AF3729300728D59 /* CADictionaryKeys.m */; };
		BAA525051AF43E1C0027038F /* WKInterfaceController+CrystalAnalytics.h in Headers */ = {isa = PBXBuildFile; fileRef = BAA525031AF43E1C0027038F /* WKInterfaceController+CrystalAnalytics.h */; settings = {ATTRIBUTES = (Public, ); }; };
		BAA525061AF43E1C0027038F /* WKInterfaceController+CrystalAnalytics.m in Sources */ = {isa = PBXBuildFile; fileRef = BAA525041AF43E1C0027038F /* WKInterfaceController+CrystalAnalytics.m */; };
		BAA525091AF4CA8F0027038F /* CANetworkEndpoints.h in Headers */ = {isa = PBXBuildFile; fileRef = BAA525071AF4CA8F0027038F /* CANetworkEndpoints.h */; };
		BAA5250A1AF4CA8F0027038F /* CANetworkEndpoints.m in Sources */ = {isa = PBXBuildFile; fileRef = BAA525081AF4CA8F0027038F /* CANetworkEndpoints.m */; };
		BAA63CE91AF25933008A8AFF /* CrystalAnalytics.framework in Frameworks */ = {isa = PBXBuildFile; fileRef = BAA63CDD1AF25933008A8AFF /* CrystalAnalytics.framework */; };
		BAA63CF01AF25933008A8AFF /* CrystalAnalyticsTests.m in Sources */ = {isa = PBXBuildFile; fileRef = BAA63CEF1AF25933008A8AFF /* CrystalAnalyticsTests.m */; };
		BAA63D001AF259B6008A8AFF /* CrystalAnalytics.h in Headers */ = {isa = PBXBuildFile; fileRef = BAA63CFE1AF259B6008A8AFF /* CrystalAnalytics.h */; settings = {ATTRIBUTES = (Public, ); }; };
		BAA63D011AF259B6008A8AFF /* CrystalAnalytics.m in Sources */ = {isa = PBXBuildFile; fileRef = BAA63CFF1AF259B6008A8AFF /* CrystalAnalytics.m */; };
		BAA63D041AF25A5B008A8AFF /* CABaseEvent.h in Headers */ = {isa = PBXBuildFile; fileRef = BAA63D021AF25A5B008A8AFF /* CABaseEvent.h */; };
		BAA63D051AF25A5B008A8AFF /* CABaseEvent.m in Sources */ = {isa = PBXBuildFile; fileRef = BAA63D031AF25A5B008A8AFF /* CABaseEvent.m */; };
		BAA63D081AF25B9A008A8AFF /* CANetworkConstants.h in Headers */ = {isa = PBXBuildFile; fileRef = BAA63D061AF25B9A008A8AFF /* CANetworkConstants.h */; };
		BAA63D091AF25B9A008A8AFF /* CANetworkConstants.m in Sources */ = {isa = PBXBuildFile; fileRef = BAA63D071AF25B9A008A8AFF /* CANetworkConstants.m */; };
		BAA63D0C1AF25CC2008A8AFF /* CASession.h in Headers */ = {isa = PBXBuildFile; fileRef = BAA63D0A1AF25CC2008A8AFF /* CASession.h */; };
		BAA63D0D1AF25CC2008A8AFF /* CASession.m in Sources */ = {isa = PBXBuildFile; fileRef = BAA63D0B1AF25CC2008A8AFF /* CASession.m */; };
		BAA63D101AF25CD1008A8AFF /* CAEvent.h in Headers */ = {isa = PBXBuildFile; fileRef = BAA63D0E1AF25CD1008A8AFF /* CAEvent.h */; };
		BAA63D111AF25CD1008A8AFF /* CAEvent.m in Sources */ = {isa = PBXBuildFile; fileRef = BAA63D0F1AF25CD1008A8AFF /* CAEvent.m */; };
		BAA63D1A1AF25D18008A8AFF /* CAPurchaseEvent.h in Headers */ = {isa = PBXBuildFile; fileRef = BAA63D181AF25D18008A8AFF /* CAPurchaseEvent.h */; };
		BAA63D1B1AF25D18008A8AFF /* CAPurchaseEvent.m in Sources */ = {isa = PBXBuildFile; fileRef = BAA63D191AF25D18008A8AFF /* CAPurchaseEvent.m */; };
		BAA63D1E1AF25D5E008A8AFF /* CAViewEvent.h in Headers */ = {isa = PBXBuildFile; fileRef = BAA63D1C1AF25D5E008A8AFF /* CAViewEvent.h */; };
		BAA63D1F1AF25D5E008A8AFF /* CAViewEvent.m in Sources */ = {isa = PBXBuildFile; fileRef = BAA63D1D1AF25D5E008A8AFF /* CAViewEvent.m */; };
		BAA63D221AF25D6B008A8AFF /* CAScreenView.h in Headers */ = {isa = PBXBuildFile; fileRef = BAA63D201AF25D6B008A8AFF /* CAScreenView.h */; };
		BAA63D231AF25D6B008A8AFF /* CAScreenView.m in Sources */ = {isa = PBXBuildFile; fileRef = BAA63D211AF25D6B008A8AFF /* CAScreenView.m */; };
		BAA63D261AF25D75008A8AFF /* CAGlanceView.h in Headers */ = {isa = PBXBuildFile; fileRef = BAA63D241AF25D75008A8AFF /* CAGlanceView.h */; };
		BAA63D271AF25D75008A8AFF /* CAGlanceView.m in Sources */ = {isa = PBXBuildFile; fileRef = BAA63D251AF25D75008A8AFF /* CAGlanceView.m */; };
		BAA63D2A1AF25DAD008A8AFF /* CANetworkHandler.h in Headers */ = {isa = PBXBuildFile; fileRef = BAA63D281AF25DAD008A8AFF /* CANetworkHandler.h */; };
		BAA63D2B1AF25DAD008A8AFF /* CANetworkHandler.m in Sources */ = {isa = PBXBuildFile; fileRef = BAA63D291AF25DAD008A8AFF /* CANetworkHandler.m */; };
/* End PBXBuildFile section */

/* Begin PBXContainerItemProxy section */
		BAA63CEA1AF25933008A8AFF /* PBXContainerItemProxy */ = {
			isa = PBXContainerItemProxy;
			containerPortal = BAA63CD41AF25932008A8AFF /* Project object */;
			proxyType = 1;
			remoteGlobalIDString = BAA63CDC1AF25933008A8AFF;
			remoteInfo = CrystalAnalytics;
		};
/* End PBXContainerItemProxy section */

/* Begin PBXFileReference section */
		BA868DC81AF36CC500728D59 /* CADictionaryRepresentation.h */ = {isa = PBXFileReference; fileEncoding = 4; lastKnownFileType = sourcecode.c.h; path = CADictionaryRepresentation.h; sourceTree = "<group>"; };
		BA868DCA1AF3729300728D59 /* CADictionaryKeys.h */ = {isa = PBXFileReference; fileEncoding = 4; lastKnownFileType = sourcecode.c.h; path = CADictionaryKeys.h; sourceTree = "<group>"; };
		BA868DCB1AF3729300728D59 /* CADictionaryKeys.m */ = {isa = PBXFileReference; fileEncoding = 4; lastKnownFileType = sourcecode.c.objc; path = CADictionaryKeys.m; sourceTree = "<group>"; };
		BAA525031AF43E1C0027038F /* WKInterfaceController+CrystalAnalytics.h */ = {isa = PBXFileReference; fileEncoding = 4; lastKnownFileType = sourcecode.c.h; path = "WKInterfaceController+CrystalAnalytics.h"; sourceTree = "<group>"; };
		BAA525041AF43E1C0027038F /* WKInterfaceController+CrystalAnalytics.m */ = {isa = PBXFileReference; fileEncoding = 4; lastKnownFileType = sourcecode.c.objc; path = "WKInterfaceController+CrystalAnalytics.m"; sourceTree = "<group>"; };
		BAA525071AF4CA8F0027038F /* CANetworkEndpoints.h */ = {isa = PBXFileReference; fileEncoding = 4; lastKnownFileType = sourcecode.c.h; path = CANetworkEndpoints.h; sourceTree = "<group>"; };
		BAA525081AF4CA8F0027038F /* CANetworkEndpoints.m */ = {isa = PBXFileReference; fileEncoding = 4; lastKnownFileType = sourcecode.c.objc; path = CANetworkEndpoints.m; sourceTree = "<group>"; };
		BAA63CDD1AF25933008A8AFF /* CrystalAnalytics.framework */ = {isa = PBXFileReference; explicitFileType = wrapper.framework; includeInIndex = 0; path = CrystalAnalytics.framework; sourceTree = BUILT_PRODUCTS_DIR; };
		BAA63CE11AF25933008A8AFF /* Info.plist */ = {isa = PBXFileReference; lastKnownFileType = text.plist.xml; path = Info.plist; sourceTree = "<group>"; };
		BAA63CE81AF25933008A8AFF /* CrystalAnalyticsTests.xctest */ = {isa = PBXFileReference; explicitFileType = wrapper.cfbundle; includeInIndex = 0; path = CrystalAnalyticsTests.xctest; sourceTree = BUILT_PRODUCTS_DIR; };
		BAA63CEE1AF25933008A8AFF /* Info.plist */ = {isa = PBXFileReference; lastKnownFileType = text.plist.xml; path = Info.plist; sourceTree = "<group>"; };
		BAA63CEF1AF25933008A8AFF /* CrystalAnalyticsTests.m */ = {isa = PBXFileReference; lastKnownFileType = sourcecode.c.objc; path = CrystalAnalyticsTests.m; sourceTree = "<group>"; };
		BAA63CFE1AF259B6008A8AFF /* CrystalAnalytics.h */ = {isa = PBXFileReference; fileEncoding = 4; lastKnownFileType = sourcecode.c.h; path = CrystalAnalytics.h; sourceTree = "<group>"; };
		BAA63CFF1AF259B6008A8AFF /* CrystalAnalytics.m */ = {isa = PBXFileReference; fileEncoding = 4; lastKnownFileType = sourcecode.c.objc; path = CrystalAnalytics.m; sourceTree = "<group>"; };
		BAA63D021AF25A5B008A8AFF /* CABaseEvent.h */ = {isa = PBXFileReference; fileEncoding = 4; lastKnownFileType = sourcecode.c.h; path = CABaseEvent.h; sourceTree = "<group>"; };
		BAA63D031AF25A5B008A8AFF /* CABaseEvent.m */ = {isa = PBXFileReference; fileEncoding = 4; lastKnownFileType = sourcecode.c.objc; path = CABaseEvent.m; sourceTree = "<group>"; };
		BAA63D061AF25B9A008A8AFF /* CANetworkConstants.h */ = {isa = PBXFileReference; fileEncoding = 4; lastKnownFileType = sourcecode.c.h; path = CANetworkConstants.h; sourceTree = "<group>"; };
		BAA63D071AF25B9A008A8AFF /* CANetworkConstants.m */ = {isa = PBXFileReference; fileEncoding = 4; lastKnownFileType = sourcecode.c.objc; path = CANetworkConstants.m; sourceTree = "<group>"; };
		BAA63D0A1AF25CC2008A8AFF /* CASession.h */ = {isa = PBXFileReference; fileEncoding = 4; lastKnownFileType = sourcecode.c.h; path = CASession.h; sourceTree = "<group>"; };
		BAA63D0B1AF25CC2008A8AFF /* CASession.m */ = {isa = PBXFileReference; fileEncoding = 4; lastKnownFileType = sourcecode.c.objc; path = CASession.m; sourceTree = "<group>"; };
		BAA63D0E1AF25CD1008A8AFF /* CAEvent.h */ = {isa = PBXFileReference; fileEncoding = 4; lastKnownFileType = sourcecode.c.h; path = CAEvent.h; sourceTree = "<group>"; };
		BAA63D0F1AF25CD1008A8AFF /* CAEvent.m */ = {isa = PBXFileReference; fileEncoding = 4; lastKnownFileType = sourcecode.c.objc; path = CAEvent.m; sourceTree = "<group>"; };
		BAA63D181AF25D18008A8AFF /* CAPurchaseEvent.h */ = {isa = PBXFileReference; fileEncoding = 4; lastKnownFileType = sourcecode.c.h; path = CAPurchaseEvent.h; sourceTree = "<group>"; };
		BAA63D191AF25D18008A8AFF /* CAPurchaseEvent.m */ = {isa = PBXFileReference; fileEncoding = 4; lastKnownFileType = sourcecode.c.objc; path = CAPurchaseEvent.m; sourceTree = "<group>"; };
		BAA63D1C1AF25D5E008A8AFF /* CAViewEvent.h */ = {isa = PBXFileReference; fileEncoding = 4; lastKnownFileType = sourcecode.c.h; path = CAViewEvent.h; sourceTree = "<group>"; };
		BAA63D1D1AF25D5E008A8AFF /* CAViewEvent.m */ = {isa = PBXFileReference; fileEncoding = 4; lastKnownFileType = sourcecode.c.objc; path = CAViewEvent.m; sourceTree = "<group>"; };
		BAA63D201AF25D6B008A8AFF /* CAScreenView.h */ = {isa = PBXFileReference; fileEncoding = 4; lastKnownFileType = sourcecode.c.h; path = CAScreenView.h; sourceTree = "<group>"; };
		BAA63D211AF25D6B008A8AFF /* CAScreenView.m */ = {isa = PBXFileReference; fileEncoding = 4; lastKnownFileType = sourcecode.c.objc; path = CAScreenView.m; sourceTree = "<group>"; };
		BAA63D241AF25D75008A8AFF /* CAGlanceView.h */ = {isa = PBXFileReference; fileEncoding = 4; lastKnownFileType = sourcecode.c.h; path = CAGlanceView.h; sourceTree = "<group>"; };
		BAA63D251AF25D75008A8AFF /* CAGlanceView.m */ = {isa = PBXFileReference; fileEncoding = 4; lastKnownFileType = sourcecode.c.objc; path = CAGlanceView.m; sourceTree = "<group>"; };
		BAA63D281AF25DAD008A8AFF /* CANetworkHandler.h */ = {isa = PBXFileReference; fileEncoding = 4; lastKnownFileType = sourcecode.c.h; path = CANetworkHandler.h; sourceTree = "<group>"; };
		BAA63D291AF25DAD008A8AFF /* CANetworkHandler.m */ = {isa = PBXFileReference; fileEncoding = 4; lastKnownFileType = sourcecode.c.objc; path = CANetworkHandler.m; sourceTree = "<group>"; };
/* End PBXFileReference section */

/* Begin PBXFrameworksBuildPhase section */
		BAA63CD91AF25933008A8AFF /* Frameworks */ = {
			isa = PBXFrameworksBuildPhase;
			buildActionMask = 2147483647;
			files = (
			);
			runOnlyForDeploymentPostprocessing = 0;
		};
		BAA63CE51AF25933008A8AFF /* Frameworks */ = {
			isa = PBXFrameworksBuildPhase;
			buildActionMask = 2147483647;
			files = (
				BAA63CE91AF25933008A8AFF /* CrystalAnalytics.framework in Frameworks */,
			);
			runOnlyForDeploymentPostprocessing = 0;
		};
/* End PBXFrameworksBuildPhase section */

/* Begin PBXGroup section */
		BAA63CD31AF25932008A8AFF = {
			isa = PBXGroup;
			children = (
				BAA63CDF1AF25933008A8AFF /* CrystalAnalytics */,
				BAA63CEC1AF25933008A8AFF /* CrystalAnalyticsTests */,
				BAA63CDE1AF25933008A8AFF /* Products */,
			);
			sourceTree = "<group>";
		};
		BAA63CDE1AF25933008A8AFF /* Products */ = {
			isa = PBXGroup;
			children = (
				BAA63CDD1AF25933008A8AFF /* CrystalAnalytics.framework */,
				BAA63CE81AF25933008A8AFF /* CrystalAnalyticsTests.xctest */,
			);
			name = Products;
			sourceTree = "<group>";
		};
		BAA63CDF1AF25933008A8AFF /* CrystalAnalytics */ = {
			isa = PBXGroup;
			children = (
				BAA63CFB1AF25972008A8AFF /* Network */,
				BAA63CFA1AF2596A008A8AFF /* Interface */,
				BAA63CF91AF25963008A8AFF /* Model */,
				BAA63CE01AF25933008A8AFF /* Supporting Files */,
			);
			path = CrystalAnalytics;
			sourceTree = "<group>";
		};
		BAA63CE01AF25933008A8AFF /* Supporting Files */ = {
			isa = PBXGroup;
			children = (
				BAA63CE11AF25933008A8AFF /* Info.plist */,
			);
			name = "Supporting Files";
			sourceTree = "<group>";
		};
		BAA63CEC1AF25933008A8AFF /* CrystalAnalyticsTests */ = {
			isa = PBXGroup;
			children = (
				BAA63CEF1AF25933008A8AFF /* CrystalAnalyticsTests.m */,
				BAA63CED1AF25933008A8AFF /* Supporting Files */,
			);
			path = CrystalAnalyticsTests;
			sourceTree = "<group>";
		};
		BAA63CED1AF25933008A8AFF /* Supporting Files */ = {
			isa = PBXGroup;
			children = (
				BAA63CEE1AF25933008A8AFF /* Info.plist */,
			);
			name = "Supporting Files";
			sourceTree = "<group>";
		};
		BAA63CF91AF25963008A8AFF /* Model */ = {
			isa = PBXGroup;
			children = (
				BA868DCA1AF3729300728D59 /* CADictionaryKeys.h */,
				BA868DCB1AF3729300728D59 /* CADictionaryKeys.m */,
				BA868DC81AF36CC500728D59 /* CADictionaryRepresentation.h */,
				BAA63D131AF25CDC008A8AFF /* Sessions */,
				BAA63D121AF25CD5008A8AFF /* Events */,
			);
			name = Model;
			sourceTree = "<group>";
		};
		BAA63CFA1AF2596A008A8AFF /* Interface */ = {
			isa = PBXGroup;
			children = (
				BAA63CFE1AF259B6008A8AFF /* CrystalAnalytics.h */,
				BAA63CFF1AF259B6008A8AFF /* CrystalAnalytics.m */,
				BAA525031AF43E1C0027038F /* WKInterfaceController+CrystalAnalytics.h */,
				BAA525041AF43E1C0027038F /* WKInterfaceController+CrystalAnalytics.m */,
			);
			name = Interface;
			sourceTree = "<group>";
		};
		BAA63CFB1AF25972008A8AFF /* Network */ = {
			isa = PBXGroup;
			children = (
				BAA63D061AF25B9A008A8AFF /* CANetworkConstants.h */,
				BAA63D071AF25B9A008A8AFF /* CANetworkConstants.m */,
				BAA63D281AF25DAD008A8AFF /* CANetworkHandler.h */,
				BAA63D291AF25DAD008A8AFF /* CANetworkHandler.m */,
				BAA525071AF4CA8F0027038F /* CANetworkEndpoints.h */,
				BAA525081AF4CA8F0027038F /* CANetworkEndpoints.m */,
			);
			name = Network;
			sourceTree = "<group>";
		};
		BAA63D121AF25CD5008A8AFF /* Events */ = {
			isa = PBXGroup;
			children = (
				BAA63D021AF25A5B008A8AFF /* CABaseEvent.h */,
				BAA63D031AF25A5B008A8AFF /* CABaseEvent.m */,
				BAA63D0E1AF25CD1008A8AFF /* CAEvent.h */,
				BAA63D0F1AF25CD1008A8AFF /* CAEvent.m */,
				BAA63D181AF25D18008A8AFF /* CAPurchaseEvent.h */,
				BAA63D191AF25D18008A8AFF /* CAPurchaseEvent.m */,
				BAA63D1C1AF25D5E008A8AFF /* CAViewEvent.h */,
				BAA63D1D1AF25D5E008A8AFF /* CAViewEvent.m */,
				BAA63D201AF25D6B008A8AFF /* CAScreenView.h */,
				BAA63D211AF25D6B008A8AFF /* CAScreenView.m */,
				BAA63D241AF25D75008A8AFF /* CAGlanceView.h */,
				BAA63D251AF25D75008A8AFF /* CAGlanceView.m */,
			);
			name = Events;
			sourceTree = "<group>";
		};
		BAA63D131AF25CDC008A8AFF /* Sessions */ = {
			isa = PBXGroup;
			children = (
				BAA63D0A1AF25CC2008A8AFF /* CASession.h */,
				BAA63D0B1AF25CC2008A8AFF /* CASession.m */,
			);
			name = Sessions;
			sourceTree = "<group>";
		};
/* End PBXGroup section */

/* Begin PBXHeadersBuildPhase section */
		BAA63CDA1AF25933008A8AFF /* Headers */ = {
			isa = PBXHeadersBuildPhase;
			buildActionMask = 2147483647;
			files = (
				BAA63D1A1AF25D18008A8AFF /* CAPurchaseEvent.h in Headers */,
				BAA525051AF43E1C0027038F /* WKInterfaceController+CrystalAnalytics.h in Headers */,
				BAA525091AF4CA8F0027038F /* CANetworkEndpoints.h in Headers */,
				BAA63D081AF25B9A008A8AFF /* CANetworkConstants.h in Headers */,
				BA868DCC1AF3729300728D59 /* CADictionaryKeys.h in Headers */,
				BAA63D041AF25A5B008A8AFF /* CABaseEvent.h in Headers */,
				BAA63D1E1AF25D5E008A8AFF /* CAViewEvent.h in Headers */,
				BAA63D2A1AF25DAD008A8AFF /* CANetworkHandler.h in Headers */,
				BAA63D261AF25D75008A8AFF /* CAGlanceView.h in Headers */,
				BAA63D101AF25CD1008A8AFF /* CAEvent.h in Headers */,
				BAA63D221AF25D6B008A8AFF /* CAScreenView.h in Headers */,
				BAA63D001AF259B6008A8AFF /* CrystalAnalytics.h in Headers */,
				BA868DC91AF36CC500728D59 /* CADictionaryRepresentation.h in Headers */,
				BAA63D0C1AF25CC2008A8AFF /* CASession.h in Headers */,
			);
			runOnlyForDeploymentPostprocessing = 0;
		};
/* End PBXHeadersBuildPhase section */

/* Begin PBXNativeTarget section */
		BAA63CDC1AF25933008A8AFF /* CrystalAnalytics */ = {
			isa = PBXNativeTarget;
			buildConfigurationList = BAA63CF31AF25933008A8AFF /* Build configuration list for PBXNativeTarget "CrystalAnalytics" */;
			buildPhases = (
				BAA63CD81AF25933008A8AFF /* Sources */,
				BAA63CD91AF25933008A8AFF /* Frameworks */,
				BAA63CDA1AF25933008A8AFF /* Headers */,
				BAA63CDB1AF25933008A8AFF /* Resources */,
			);
			buildRules = (
			);
			dependencies = (
			);
			name = CrystalAnalytics;
			productName = CrystalAnalytics;
			productReference = BAA63CDD1AF25933008A8AFF /* CrystalAnalytics.framework */;
			productType = "com.apple.product-type.framework";
		};
		BAA63CE71AF25933008A8AFF /* CrystalAnalyticsTests */ = {
			isa = PBXNativeTarget;
			buildConfigurationList = BAA63CF61AF25933008A8AFF /* Build configuration list for PBXNativeTarget "CrystalAnalyticsTests" */;
			buildPhases = (
				BAA63CE41AF25933008A8AFF /* Sources */,
				BAA63CE51AF25933008A8AFF /* Frameworks */,
				BAA63CE61AF25933008A8AFF /* Resources */,
			);
			buildRules = (
			);
			dependencies = (
				BAA63CEB1AF25933008A8AFF /* PBXTargetDependency */,
			);
			name = CrystalAnalyticsTests;
			productName = CrystalAnalyticsTests;
			productReference = BAA63CE81AF25933008A8AFF /* CrystalAnalyticsTests.xctest */;
			productType = "com.apple.product-type.bundle.unit-test";
		};
/* End PBXNativeTarget section */

/* Begin PBXProject section */
		BAA63CD41AF25932008A8AFF /* Project object */ = {
			isa = PBXProject;
			attributes = {
				CLASSPREFIX = CA;
				LastUpgradeCheck = 0630;
				ORGANIZATIONNAME = CrystalAnalytics;
				TargetAttributes = {
					BAA63CDC1AF25933008A8AFF = {
						CreatedOnToolsVersion = 6.3.1;
					};
					BAA63CE71AF25933008A8AFF = {
						CreatedOnToolsVersion = 6.3.1;
					};
				};
			};
			buildConfigurationList = BAA63CD71AF25932008A8AFF /* Build configuration list for PBXProject "CrystalAnalytics" */;
			compatibilityVersion = "Xcode 6.3";
			developmentRegion = English;
			hasScannedForEncodings = 0;
			knownRegions = (
				en,
			);
			mainGroup = BAA63CD31AF25932008A8AFF;
			productRefGroup = BAA63CDE1AF25933008A8AFF /* Products */;
			projectDirPath = "";
			projectRoot = "";
			targets = (
				BAA63CDC1AF25933008A8AFF /* CrystalAnalytics */,
				BAA63CE71AF25933008A8AFF /* CrystalAnalyticsTests */,
			);
		};
/* End PBXProject section */

/* Begin PBXResourcesBuildPhase section */
		BAA63CDB1AF25933008A8AFF /* Resources */ = {
			isa = PBXResourcesBuildPhase;
			buildActionMask = 2147483647;
			files = (
			);
			runOnlyForDeploymentPostprocessing = 0;
		};
		BAA63CE61AF25933008A8AFF /* Resources */ = {
			isa = PBXResourcesBuildPhase;
			buildActionMask = 2147483647;
			files = (
			);
			runOnlyForDeploymentPostprocessing = 0;
		};
/* End PBXResourcesBuildPhase section */

/* Begin PBXSourcesBuildPhase section */
		BAA63CD81AF25933008A8AFF /* Sources */ = {
			isa = PBXSourcesBuildPhase;
			buildActionMask = 2147483647;
			files = (
				BA868DCD1AF3729300728D59 /* CADictionaryKeys.m in Sources */,
				BAA63D231AF25D6B008A8AFF /* CAScreenView.m in Sources */,
				BAA63D271AF25D75008A8AFF /* CAGlanceView.m in Sources */,
				BAA63D111AF25CD1008A8AFF /* CAEvent.m in Sources */,
				BAA5250A1AF4CA8F0027038F /* CANetworkEndpoints.m in Sources */,
				BAA63D011AF259B6008A8AFF /* CrystalAnalytics.m in Sources */,
				BAA63D091AF25B9A008A8AFF /* CANetworkConstants.m in Sources */,
				BAA63D0D1AF25CC2008A8AFF /* CASession.m in Sources */,
				BAA525061AF43E1C0027038F /* WKInterfaceController+CrystalAnalytics.m in Sources */,
				BAA63D2B1AF25DAD008A8AFF /* CANetworkHandler.m in Sources */,
				BAA63D051AF25A5B008A8AFF /* CABaseEvent.m in Sources */,
				BAA63D1F1AF25D5E008A8AFF /* CAViewEvent.m in Sources */,
				BAA63D1B1AF25D18008A8AFF /* CAPurchaseEvent.m in Sources */,
			);
			runOnlyForDeploymentPostprocessing = 0;
		};
		BAA63CE41AF25933008A8AFF /* Sources */ = {
			isa = PBXSourcesBuildPhase;
			buildActionMask = 2147483647;
			files = (
				BAA63CF01AF25933008A8AFF /* CrystalAnalyticsTests.m in Sources */,
			);
			runOnlyForDeploymentPostprocessing = 0;
		};
/* End PBXSourcesBuildPhase section */

/* Begin PBXTargetDependency section */
		BAA63CEB1AF25933008A8AFF /* PBXTargetDependency */ = {
			isa = PBXTargetDependency;
			target = BAA63CDC1AF25933008A8AFF /* CrystalAnalytics */;
			targetProxy = BAA63CEA1AF25933008A8AFF /* PBXContainerItemProxy */;
		};
/* End PBXTargetDependency section */

/* Begin XCBuildConfiguration section */
		BAA63CF11AF25933008A8AFF /* Debug */ = {
			isa = XCBuildConfiguration;
			buildSettings = {
				ALWAYS_SEARCH_USER_PATHS = NO;
				CLANG_CXX_LANGUAGE_STANDARD = "gnu++0x";
				CLANG_CXX_LIBRARY = "libc++";
				CLANG_ENABLE_MODULES = YES;
				CLANG_ENABLE_OBJC_ARC = YES;
				CLANG_WARN_BOOL_CONVERSION = YES;
				CLANG_WARN_CONSTANT_CONVERSION = YES;
				CLANG_WARN_DIRECT_OBJC_ISA_USAGE = YES_ERROR;
				CLANG_WARN_EMPTY_BODY = YES;
				CLANG_WARN_ENUM_CONVERSION = YES;
				CLANG_WARN_INT_CONVERSION = YES;
				CLANG_WARN_OBJC_ROOT_CLASS = YES_ERROR;
				CLANG_WARN_UNREACHABLE_CODE = YES;
				CLANG_WARN__DUPLICATE_METHOD_MATCH = YES;
				"CODE_SIGN_IDENTITY[sdk=iphoneos*]" = "iPhone Developer";
				COPY_PHASE_STRIP = NO;
				CURRENT_PROJECT_VERSION = 1;
				DEBUG_INFORMATION_FORMAT = "dwarf-with-dsym";
				ENABLE_STRICT_OBJC_MSGSEND = YES;
				GCC_C_LANGUAGE_STANDARD = gnu99;
				GCC_DYNAMIC_NO_PIC = NO;
				GCC_NO_COMMON_BLOCKS = YES;
				GCC_OPTIMIZATION_LEVEL = 0;
				GCC_PREPROCESSOR_DEFINITIONS = (
					"DEBUG=1",
					"$(inherited)",
				);
				GCC_SYMBOLS_PRIVATE_EXTERN = NO;
				GCC_WARN_64_TO_32_BIT_CONVERSION = YES;
				GCC_WARN_ABOUT_RETURN_TYPE = YES_ERROR;
				GCC_WARN_UNDECLARED_SELECTOR = YES;
				GCC_WARN_UNINITIALIZED_AUTOS = YES_AGGRESSIVE;
				GCC_WARN_UNUSED_FUNCTION = YES;
				GCC_WARN_UNUSED_VARIABLE = YES;
				IPHONEOS_DEPLOYMENT_TARGET = 8.3;
				MTL_ENABLE_DEBUG_INFO = YES;
				ONLY_ACTIVE_ARCH = YES;
				SDKROOT = iphoneos;
				TARGETED_DEVICE_FAMILY = "1,2";
				VERSIONING_SYSTEM = "apple-generic";
				VERSION_INFO_PREFIX = "";
			};
			name = Debug;
		};
		BAA63CF21AF25933008A8AFF /* Release */ = {
			isa = XCBuildConfiguration;
			buildSettings = {
				ALWAYS_SEARCH_USER_PATHS = NO;
				CLANG_CXX_LANGUAGE_STANDARD = "gnu++0x";
				CLANG_CXX_LIBRARY = "libc++";
				CLANG_ENABLE_MODULES = YES;
				CLANG_ENABLE_OBJC_ARC = YES;
				CLANG_WARN_BOOL_CONVERSION = YES;
				CLANG_WARN_CONSTANT_CONVERSION = YES;
				CLANG_WARN_DIRECT_OBJC_ISA_USAGE = YES_ERROR;
				CLANG_WARN_EMPTY_BODY = YES;
				CLANG_WARN_ENUM_CONVERSION = YES;
				CLANG_WARN_INT_CONVERSION = YES;
				CLANG_WARN_OBJC_ROOT_CLASS = YES_ERROR;
				CLANG_WARN_UNREACHABLE_CODE = YES;
				CLANG_WARN__DUPLICATE_METHOD_MATCH = YES;
				"CODE_SIGN_IDENTITY[sdk=iphoneos*]" = "iPhone Developer";
				COPY_PHASE_STRIP = NO;
				CURRENT_PROJECT_VERSION = 1;
				DEBUG_INFORMATION_FORMAT = "dwarf-with-dsym";
				ENABLE_NS_ASSERTIONS = NO;
				ENABLE_STRICT_OBJC_MSGSEND = YES;
				GCC_C_LANGUAGE_STANDARD = gnu99;
				GCC_NO_COMMON_BLOCKS = YES;
				GCC_WARN_64_TO_32_BIT_CONVERSION = YES;
				GCC_WARN_ABOUT_RETURN_TYPE = YES_ERROR;
				GCC_WARN_UNDECLARED_SELECTOR = YES;
				GCC_WARN_UNINITIALIZED_AUTOS = YES_AGGRESSIVE;
				GCC_WARN_UNUSED_FUNCTION = YES;
				GCC_WARN_UNUSED_VARIABLE = YES;
				IPHONEOS_DEPLOYMENT_TARGET = 8.3;
				MTL_ENABLE_DEBUG_INFO = NO;
				SDKROOT = iphoneos;
				TARGETED_DEVICE_FAMILY = "1,2";
				VALIDATE_PRODUCT = YES;
				VERSIONING_SYSTEM = "apple-generic";
				VERSION_INFO_PREFIX = "";
			};
			name = Release;
		};
		BAA63CF41AF25933008A8AFF /* Debug */ = {
			isa = XCBuildConfiguration;
			buildSettings = {
				DEFINES_MODULE = YES;
				DYLIB_COMPATIBILITY_VERSION = 1;
				DYLIB_CURRENT_VERSION = 1;
				DYLIB_INSTALL_NAME_BASE = "@rpath";
				INFOPLIST_FILE = CrystalAnalytics/Info.plist;
				INSTALL_PATH = "$(LOCAL_LIBRARY_DIR)/Frameworks";
				LD_RUNPATH_SEARCH_PATHS = "$(inherited) @executable_path/Frameworks @loader_path/Frameworks";
				PRODUCT_NAME = "$(TARGET_NAME)";
				SKIP_INSTALL = YES;
			};
			name = Debug;
		};
		BAA63CF51AF25933008A8AFF /* Release */ = {
			isa = XCBuildConfiguration;
			buildSettings = {
				DEFINES_MODULE = YES;
				DYLIB_COMPATIBILITY_VERSION = 1;
				DYLIB_CURRENT_VERSION = 1;
				DYLIB_INSTALL_NAME_BASE = "@rpath";
				INFOPLIST_FILE = CrystalAnalytics/Info.plist;
				INSTALL_PATH = "$(LOCAL_LIBRARY_DIR)/Frameworks";
				LD_RUNPATH_SEARCH_PATHS = "$(inherited) @executable_path/Frameworks @loader_path/Frameworks";
				PRODUCT_NAME = "$(TARGET_NAME)";
				SKIP_INSTALL = YES;
			};
			name = Release;
		};
		BAA63CF71AF25933008A8AFF /* Debug */ = {
			isa = XCBuildConfiguration;
			buildSettings = {
				FRAMEWORK_SEARCH_PATHS = (
					"$(SDKROOT)/Developer/Library/Frameworks",
					"$(inherited)",
				);
				GCC_PREPROCESSOR_DEFINITIONS = (
					"DEBUG=1",
					"$(inherited)",
				);
				INFOPLIST_FILE = CrystalAnalyticsTests/Info.plist;
				LD_RUNPATH_SEARCH_PATHS = "$(inherited) @executable_path/Frameworks @loader_path/Frameworks";
				PRODUCT_NAME = "$(TARGET_NAME)";
			};
			name = Debug;
		};
		BAA63CF81AF25933008A8AFF /* Release */ = {
			isa = XCBuildConfiguration;
			buildSettings = {
				FRAMEWORK_SEARCH_PATHS = (
					"$(SDKROOT)/Developer/Library/Frameworks",
					"$(inherited)",
				);
				INFOPLIST_FILE = CrystalAnalyticsTests/Info.plist;
				LD_RUNPATH_SEARCH_PATHS = "$(inherited) @executable_path/Frameworks @loader_path/Frameworks";
				PRODUCT_NAME = "$(TARGET_NAME)";
			};
			name = Release;
		};
/* End XCBuildConfiguration section */

/* Begin XCConfigurationList section */
		BAA63CD71AF25932008A8AFF /* Build configuration list for PBXProject "CrystalAnalytics" */ = {
			isa = XCConfigurationList;
			buildConfigurations = (
				BAA63CF11AF25933008A8AFF /* Debug */,
				BAA63CF21AF25933008A8AFF /* Release */,
			);
			defaultConfigurationIsVisible = 0;
			defaultConfigurationName = Release;
		};
		BAA63CF31AF25933008A8AFF /* Build configuration list for PBXNativeTarget "CrystalAnalytics" */ = {
			isa = XCConfigurationList;
			buildConfigurations = (
				BAA63CF41AF25933008A8AFF /* Debug */,
				BAA63CF51AF25933008A8AFF /* Release */,
			);
			defaultConfigurationIsVisible = 0;
			defaultConfigurationName = Release;
		};
		BAA63CF61AF25933008A8AFF /* Build configuration list for PBXNativeTarget "CrystalAnalyticsTests" */ = {
			isa = XCConfigurationList;
			buildConfigurations = (
				BAA63CF71AF25933008A8AFF /* Debug */,
				BAA63CF81AF25933008A8AFF /* Release */,
			);
			defaultConfigurationIsVisible = 0;
			defaultConfigurationName = Release;
		};
/* End XCConfigurationList section */
	};
	rootObject = BAA63CD41AF25932008A8AFF /* Project object */;
}
